
Microsoft Visual Studio Solution File, Format Version 12.00
# Visual Studio Version 17
VisualStudioVersion = 17.9.34607.119
MinimumVisualStudioVersion = 10.0.40219.1
Project("{FAE04EC0-301F-11D3-BF4B-00C04F79EFBC}") = "Autentikaatio", "Autentikaatio.csproj", "{AB17E78C-1228-42BE-9F99-006BFB446E9F}"
EndProject
Global
	GlobalSection(SolutionConfigurationPlatforms) = preSolution
		Debug|Any CPU = Debug|Any CPU
		Release|Any CPU = Release|Any CPU
	EndGlobalSection
	GlobalSection(ProjectConfigurationPlatforms) = postSolution
		{AB17E78C-1228-42BE-9F99-006BFB446E9F}.Debug|Any CPU.ActiveCfg = Debug|Any CPU
		{AB17E78C-1228-42BE-9F99-006BFB446E9F}.Debug|Any CPU.Build.0 = Debug|Any CPU
		{AB17E78C-1228-42BE-9F99-006BFB446E9F}.Release|Any CPU.ActiveCfg = Release|Any CPU
		{AB17E78C-1228-42BE-9F99-006BFB446E9F}.Release|Any CPU.Build.0 = Release|Any CPU
	EndGlobalSection
	GlobalSection(SolutionProperties) = preSolution
		HideSolutionNode = FALSE
	EndGlobalSection
	GlobalSection(ExtensibilityGlobals) = postSolution
		SolutionGuid = {C0C66A72-3298-47F0-A233-F6D2D94595A1}
	EndGlobalSection
EndGlobal
